
Microsoft Visual Studio Solution File, Format Version 12.00
# Visual Studio Version 16
VisualStudioVersion = 16.0.30907.101
MinimumVisualStudioVersion = 10.0.40219.1
Project("{FAE04EC0-301F-11D3-BF4B-00C04F79EFBC}") = "ProfitTM", "ProfitTM\ProfitTM.csproj", "{5DB338F4-A490-4A89-9461-12C692AA4EA5}"
EndProject
Global
	GlobalSection(SolutionConfigurationPlatforms) = preSolution
		Debug|Any CPU = Debug|Any CPU
		Release|Any CPU = Release|Any CPU
	EndGlobalSection
	GlobalSection(ProjectConfigurationPlatforms) = postSolution
		{5DB338F4-A490-4A89-9461-12C692AA4EA5}.Debug|Any CPU.ActiveCfg = Debug|Any CPU
		{5DB338F4-A490-4A89-9461-12C692AA4EA5}.Debug|Any CPU.Build.0 = Debug|Any CPU
		{5DB338F4-A490-4A89-9461-12C692AA4EA5}.Release|Any CPU.ActiveCfg = Release|Any CPU
		{5DB338F4-A490-4A89-9461-12C692AA4EA5}.Release|Any CPU.Build.0 = Release|Any CPU
	EndGlobalSection
	GlobalSection(SolutionProperties) = preSolution
		HideSolutionNode = FALSE
	EndGlobalSection
	GlobalSection(ExtensibilityGlobals) = postSolution
		SolutionGuid = {74A2809F-0B3B-4E4C-89F7-07D4CE707D66}
	EndGlobalSection
EndGlobal
